
Microsoft Visual Studio Solution File, Format Version 12.00
# Visual Studio 2012
Project("{FAE04EC0-301F-11D3-BF4B-00C04F79EFBC}") = "IteratedPrisonerDilemma2", "IteratedPrisonerDilemma2\IteratedPrisonerDilemma2.csproj", "{4914DA01-EF01-408A-ABBA-BF6080C27D7E}"
EndProject
Global
	GlobalSection(SolutionConfigurationPlatforms) = preSolution
		Debug|Any CPU = Debug|Any CPU
		Release|Any CPU = Release|Any CPU
	EndGlobalSection
	GlobalSection(ProjectConfigurationPlatforms) = postSolution
		{4914DA01-EF01-408A-ABBA-BF6080C27D7E}.Debug|Any CPU.ActiveCfg = Debug|Any CPU
		{4914DA01-EF01-408A-ABBA-BF6080C27D7E}.Debug|Any CPU.Build.0 = Debug|Any CPU
		{4914DA01-EF01-408A-ABBA-BF6080C27D7E}.Release|Any CPU.ActiveCfg = Release|Any CPU
		{4914DA01-EF01-408A-ABBA-BF6080C27D7E}.Release|Any CPU.Build.0 = Release|Any CPU
	EndGlobalSection
EndGlobal
